lockfileVersion: '9.0'

settings:
  autoInstallPeers: true
  excludeLinksFromLockfile: false

importers:

  .:
    devDependencies:
      '@angular/compiler':
        specifier: 22.0.6
        version: 22.0.6

packages:

  '@angular/compiler@22.0.6':
    resolution: {integrity: sha512-iFHsXOA14TsxK4jowmGfogI9Jb0ApL3z8EGTGvKMialqtw088HYjwJP1LT4OlO/wgmjSTq2peZ19jLPuhevNvw==}
    engines: {node: ^22.22.3 || ^24.15.0 || >=26.0.0}

  tslib@2.8.1:
    resolution: {integrity: sha512-oJFu94HQb+KVduSUQL7wnpmqnfmLsOA/nAh6b6EH0wCEoK0/mPeXU6c3wKDV83MkOuHPRHtSXKKU99IBazS/2w==}

snapshots:

  '@angular/compiler@22.0.6':
    dependencies:
      tslib: 2.8.1

  tslib@2.8.1: {}
